
Microsoft Visual Studio Solution File, Format Version 10.00
# Visual C++ Express 2008
Project("{8BC9CEB8-8B4A-11D0-8D11-00A0C91BC942}") = "PIYAVSKII-S-METHOD", "PIYAVSKII-S-METHOD.vcproj", "{204407AB-7876-444B-871D-8201A9453741}"
EndProject
Global
	GlobalSection(SolutionConfigurationPlatforms) = preSolution
		Debug|Win32 = Debug|Win32
		Release|Win32 = Release|Win32
	EndGlobalSection
	GlobalSection(ProjectConfigurationPlatforms) = postSolution
		{204407AB-7876-444B-871D-8201A9453741}.Debug|Win32.ActiveCfg = Debug|Win32
		{204407AB-7876-444B-871D-8201A9453741}.Debug|Win32.Build.0 = Debug|Win32
		{204407AB-7876-444B-871D-8201A9453741}.Release|Win32.ActiveCfg = Release|Win32
		{204407AB-7876-444B-871D-8201A9453741}.Release|Win32.Build.0 = Release|Win32
	EndGlobalSection
	GlobalSection(SolutionProperties) = preSolution
		HideSolutionNode = FALSE
	EndGlobalSection
EndGlobal
